[[package]]
name = "absl-py"
version = "1.3.0"
description = "Abseil Python Common Libraries, see https://github.com/abseil/abseil-py."
category = "main"
optional = false
python-versions = ">=3.6"

[[package]]
name = "atomicwrites"
version = "1.4.1"
description = "Atomic file writes."
category = "dev"
optional = false
python-versions = ">=2.7, !=3.0.*, !=3.1.*, !=3.2.*, !=3.3.*"

[[package]]
name = "attrs"
version = "22.1.0"
description = "Classes Without Boilerplate"
category = "dev"
optional = false
python-versions = ">=3.5"

[package.extras]
dev = ["cloudpickle", "coverage[toml] (>=5.0.2)", "furo", "hypothesis", "mypy (>=0.900,!=0.940)", "pre-commit", "pympler", "pytest (>=4.3.0)", "pytest-mypy-plugins", "sphinx", "sphinx-notfound-page", "zope.interface"]
docs = ["furo", "sphinx", "sphinx-notfound-page", "zope.interface"]
tests = ["cloudpickle", "coverage[toml] (>=5.0.2)", "hypothesis", "mypy (>=0.900,!=0.940)", "pympler", "pytest (>=4.3.0)", "pytest-mypy-plugins", "zope.interface"]
tests-no-zope = ["cloudpickle", "coverage[toml] (>=5.0.2)", "hypothesis", "mypy (>=0.900,!=0.940)", "pympler", "pytest (>=4.3.0)", "pytest-mypy-plugins"]

[[package]]
name = "colorama"
version = "0.4.6"
description = "Cross-platform colored terminal text."
category = "dev"
optional = false
python-versions = "!=3.0.*,!=3.1.*,!=3.2.*,!=3.3.*,!=3.4.*,!=3.5.*,!=3.6.*,>=2.7"

[[package]]
name = "etils"
version = "0.9.0"
description = "Collection of common python utils"
category = "main"
optional = false
python-versions = ">=3.7"

[package.dependencies]
importlib_resources = {version = "*", optional = true, markers = "extra == \"epath\""}
typing_extensions = {version = "*", optional = true, markers = "extra == \"epath\""}
zipp = {version = "*", optional = true, markers = "extra == \"epath\""}

[package.extras]
all = ["etils[array-types]", "etils[eapp]", "etils[ecolab]", "etils[edc]", "etils[enp]", "etils[epath]", "etils[epy]", "etils[etqdm]", "etils[etree-dm]", "etils[etree-jax]", "etils[etree-tf]", "etils[etree]"]
array-types = ["etils[enp]"]
dev = ["chex", "pylint (>=2.6.0)", "pytest", "pytest-subtests", "pytest-xdist", "yapf"]
eapp = ["absl-py", "simple_parsing"]
ecolab = ["etils[enp]", "etils[epy]", "jupyter", "mediapy", "numpy"]
edc = ["etils[epy]", "typing_extensions"]
enp = ["etils[epy]", "numpy"]
epath = ["etils[epy]", "importlib_resources", "typing_extensions", "zipp"]
epy = ["typing_extensions"]
etqdm = ["absl-py", "etils[epy]", "tqdm"]
etree = ["etils[array-types]", "etils[enp]", "etils[epy]", "etils[etqdm]"]
etree-dm = ["dm-tree", "etils[etree]"]
etree-jax = ["etils[etree]", "jax[cpu]"]
etree-tf = ["etils[etree]", "tf-nightly"]
lazy-imports = ["etils[ecolab]"]

[[package]]
name = "exceptiongroup"
version = "1.0.0"
description = "Backport of PEP 654 (exception groups)"
category = "dev"
optional = false
python-versions = ">=3.7"

[package.extras]
test = ["pytest (>=6)"]

[[package]]
name = "flatbuffers"
version = "2.0.7"
description = "The FlatBuffers serialization format for Python"
category = "main"
optional = false
python-versions = "*"

[[package]]
name = "hypothesis"
version = "6.56.4"
description = "A library for property-based testing"
category = "dev"
optional = false
python-versions = ">=3.7"

[package.dependencies]
attrs = ">=19.2.0"
exceptiongroup = {version = ">=1.0.0", markers = "python_version < \"3.11\""}
sortedcontainers = ">=2.1.0,<3.0.0"

[package.extras]
all = ["backports.zoneinfo (>=0.2.1)", "black (>=19.10b0)", "click (>=7.0)", "django (>=3.2)", "dpcontracts (>=0.4)", "importlib-metadata (>=3.6)", "lark-parser (>=0.6.5)", "libcst (>=0.3.16)", "numpy (>=1.9.0)", "pandas (>=1.0)", "pytest (>=4.6)", "python-dateutil (>=1.4)", "pytz (>=2014.1)", "redis (>=3.0.0)", "rich (>=9.0.0)", "tzdata (>=2022.5)"]
cli = ["black (>=19.10b0)", "click (>=7.0)", "rich (>=9.0.0)"]
codemods = ["libcst (>=0.3.16)"]
dateutil = ["python-dateutil (>=1.4)"]
django = ["django (>=3.2)"]
dpcontracts = ["dpcontracts (>=0.4)"]
ghostwriter = ["black (>=19.10b0)"]
lark = ["lark-parser (>=0.6.5)"]
numpy = ["numpy (>=1.9.0)"]
pandas = ["pandas (>=1.0)"]
pytest = ["pytest (>=4.6)"]
pytz = ["pytz (>=2014.1)"]
redis = ["redis (>=3.0.0)"]
zoneinfo = ["backports.zoneinfo (>=0.2.1)", "tzdata (>=2022.5)"]

[[package]]
name = "importlib-resources"
version = "5.10.0"
description = "Read resources from Python packages"
category = "main"
optional = false
python-versions = ">=3.7"

[package.dependencies]
zipp = {version = ">=3.1.0", markers = "python_version < \"3.10\""}

[package.extras]
docs = ["furo", "jaraco.packaging (>=9)", "jaraco.tidelift (>=1.4)", "rst.linker (>=1.9)", "sphinx (>=3.5)"]
testing = ["flake8 (<5)", "pytest (>=6)", "pytest-black (>=0.3.7)", "pytest-checkdocs (>=2.4)", "pytest-cov", "pytest-enabler (>=1.3)", "pytest-flake8", "pytest-mypy (>=0.9.1)"]

[[package]]
name = "jax"
version = "0.3.14"
description = "Differentiate, compile, and transform Numpy code."
category = "main"
optional = false
python-versions = ">=3.7"

[package.dependencies]
absl-py = "*"
etils = {version = "*", extras = ["epath"]}
numpy = ">=1.19"
opt_einsum = "*"
scipy = ">=1.5"
typing_extensions = "*"

[package.extras]
ci = ["jaxlib (==0.3.10)"]
cpu = ["jaxlib (==0.3.14)"]
cuda = ["jaxlib (==0.3.14+cuda11.cudnn82)"]
cuda11-cudnn805 = ["jaxlib (==0.3.14+cuda11.cudnn805)"]
cuda11-cudnn82 = ["jaxlib (==0.3.14+cuda11.cudnn82)"]
minimum-jaxlib = ["jaxlib (==0.3.7)"]
tpu = ["jaxlib (==0.3.14)", "libtpu-nightly (==0.1.dev20220627)", "requests"]

[[package]]
name = "jaxlib"
version = "0.3.14"
description = "XLA library for JAX"
category = "main"
optional = false
python-versions = ">=3.7"

[package.dependencies]
absl-py = "*"
flatbuffers = ">=1.12,<3.0"
numpy = ">=1.19"
scipy = ">=1.5"

[[package]]
name = "jaxlib"
version = "0.3.14"
description = "XLA library for JAX"
category = "main"
optional = false
python-versions = ">=3.7"

[package.dependencies]
absl-py = "*"
flatbuffers = ">=1.12,<3.0"
numpy = ">=1.19"
scipy = "*"

[package.source]
type = "url"
url = "https://whls.blob.core.windows.net/unstable/cpu/jaxlib-0.3.14-cp39-none-win_amd64.whl"
[[package]]
name = "more-itertools"
version = "9.0.0"
description = "More routines for operating on iterables, beyond itertools"
category = "dev"
optional = false
python-versions = ">=3.7"

[[package]]
name = "numpy"
version = "1.23.4"
description = "NumPy is the fundamental package for array computing with Python."
category = "main"
optional = false
python-versions = ">=3.8"

[[package]]
name = "opt-einsum"
version = "3.3.0"
description = "Optimizing numpys einsum function"
category = "main"
optional = false
python-versions = ">=3.5"

[package.dependencies]
numpy = ">=1.7"

[package.extras]
docs = ["numpydoc", "sphinx (==1.2.3)", "sphinx-rtd-theme", "sphinxcontrib-napoleon"]
tests = ["pytest", "pytest-cov", "pytest-pep8"]

[[package]]
name = "packaging"
version = "21.3"
description = "Core utilities for Python packages"
category = "dev"
optional = false
python-versions = ">=3.6"

[package.dependencies]
pyparsing = ">=2.0.2,<3.0.5 || >3.0.5"

[[package]]
name = "pluggy"
version = "0.13.1"
description = "plugin and hook calling mechanisms for python"
category = "dev"
optional = false
python-versions = ">=2.7, !=3.0.*, !=3.1.*, !=3.2.*, !=3.3.*"

[package.extras]
dev = ["pre-commit", "tox"]

[[package]]
name = "py"
version = "1.11.0"
description = "library with cross-python path, ini-parsing, io, code, log facilities"
category = "dev"
optional = false
python-versions = ">=2.7, !=3.0.*, !=3.1.*, !=3.2.*, !=3.3.*, !=3.4.*"

[[package]]
name = "pyparsing"
version = "3.0.9"
description = "pyparsing module - Classes and methods to define and execute parsing grammars"
category = "dev"
optional = false
python-versions = ">=3.6.8"

[package.extras]
diagrams = ["jinja2", "railroad-diagrams"]

[[package]]
name = "pytest"
version = "5.4.3"
description = "pytest: simple powerful testing with Python"
category = "dev"
optional = false
python-versions = ">=3.5"

[package.dependencies]
atomicwrites = {version = ">=1.0", markers = "sys_platform == \"win32\""}
attrs = ">=17.4.0"
colorama = {version = "*", markers = "sys_platform == \"win32\""}
more-itertools = ">=4.0.0"
packaging = "*"
pluggy = ">=0.12,<1.0"
py = ">=1.5.0"
wcwidth = "*"

[package.extras]
checkqa-mypy = ["mypy (==v0.761)"]
testing = ["argcomplete", "hypothesis (>=3.56)", "mock", "nose", "requests", "xmlschema"]

[[package]]
name = "scipy"
version = "1.9.3"
description = "Fundamental algorithms for scientific computing in Python"
category = "main"
optional = false
python-versions = ">=3.8"

[package.dependencies]
numpy = ">=1.18.5,<1.26.0"

[package.extras]
dev = ["flake8", "mypy", "pycodestyle", "typing_extensions"]
doc = ["matplotlib (>2)", "numpydoc", "pydata-sphinx-theme (==0.9.0)", "sphinx (!=4.1.0)", "sphinx-panels (>=0.5.2)", "sphinx-tabs"]
test = ["asv", "gmpy2", "mpmath", "pytest", "pytest-cov", "pytest-xdist", "scikit-umfpack", "threadpoolctl"]

[[package]]
name = "sortedcontainers"
version = "2.4.0"
description = "Sorted Containers -- Sorted List, Sorted Dict, Sorted Set"
category = "dev"
optional = false
python-versions = "*"

[[package]]
name = "typing-extensions"
version = "4.4.0"
description = "Backported and Experimental Type Hints for Python 3.7+"
category = "main"
optional = false
python-versions = ">=3.7"

[[package]]
name = "wcwidth"
version = "0.2.5"
description = "Measures the displayed width of unicode strings in a terminal"
category = "dev"
optional = false
python-versions = "*"

[[package]]
name = "zipp"
version = "3.10.0"
description = "Backport of pathlib-compatible object wrapper for zip files"
category = "main"
optional = false
python-versions = ">=3.7"

[package.extras]
docs = ["furo", "jaraco.packaging (>=9)", "jaraco.tidelift (>=1.4)", "rst.linker (>=1.9)", "sphinx (>=3.5)"]
testing = ["flake8 (<5)", "func-timeout", "jaraco.functools", "jaraco.itertools", "more-itertools", "pytest (>=6)", "pytest-black (>=0.3.7)", "pytest-checkdocs (>=2.4)", "pytest-cov", "pytest-enabler (>=1.3)", "pytest-flake8", "pytest-mypy (>=0.9.1)"]

[metadata]
lock-version = "1.1"
python-versions = ">=3.8,<3.12"
content-hash = "522e9c75b00b0d2fe7e1d0e5d94013b387ac7cdda6ad3cd0a85467c3b6b4aca2"

[metadata.files]
absl-py = [
    {file = "absl-py-1.3.0.tar.gz", hash = "sha256:463c38a08d2e4cef6c498b76ba5bd4858e4c6ef51da1a5a1f27139a022e20248"},
    {file = "absl_py-1.3.0-py3-none-any.whl", hash = "sha256:34995df9bd7a09b3b8749e230408f5a2a2dd7a68a0d33c12a3d0cb15a041a507"},
]
atomicwrites = [
    {file = "atomicwrites-1.4.1.tar.gz", hash = "sha256:81b2c9071a49367a7f770170e5eec8cb66567cfbbc8c73d20ce5ca4a8d71cf11"},
]
attrs = [
    {file = "attrs-22.1.0-py2.py3-none-any.whl", hash = "sha256:86efa402f67bf2df34f51a335487cf46b1ec130d02b8d39fd248abfd30da551c"},
    {file = "attrs-22.1.0.tar.gz", hash = "sha256:29adc2665447e5191d0e7c568fde78b21f9672d344281d0c6e1ab085429b22b6"},
]
colorama = [
    {file = "colorama-0.4.6-py2.py3-none-any.whl", hash = "sha256:4f1d9991f5acc0ca119f9d443620b77f9d6b33703e51011c16baf57afb285fc6"},
    {file = "colorama-0.4.6.tar.gz", hash = "sha256:08695f5cb7ed6e0531a20572697297273c47b8cae5a63ffc6d6ed5c201be6e44"},
]
etils = [
    {file = "etils-0.9.0-py3-none-any.whl", hash = "sha256:635d6f7d1c519eb194304228543a4c5c7df0e6b58243302473e34c18cf720588"},
    {file = "etils-0.9.0.tar.gz", hash = "sha256:489103e9e499a566765c60458ee15d185cf0065f2060a4d16a68f8f46962ed0d"},
]
exceptiongroup = [
    {file = "exceptiongroup-1.0.0-py3-none-any.whl", hash = "sha256:2ac84b496be68464a2da60da518af3785fff8b7ec0d090a581604bc870bdee41"},
    {file = "exceptiongroup-1.0.0.tar.gz", hash = "sha256:affbabf13fb6e98988c38d9c5650e701569fe3c1de3233cfb61c5f33774690ad"},
]
flatbuffers = [
    {file = "flatbuffers-2.0.7-py2.py3-none-any.whl", hash = "sha256:71e135d533be527192819aaab757c5e3d109cb10fbb01e687f6bdb7a61ad39d1"},
    {file = "flatbuffers-2.0.7.tar.gz", hash = "sha256:0ae7d69c5b82bf41962ca5fde9cc43033bc9501311d975fd5a25e8a7d29c1245"},
]
hypothesis = [
    {file = "hypothesis-6.56.4-py3-none-any.whl", hash = "sha256:67950103ee930c66673494b3671474a083ea71f1ebe8f0ff849ba8ad5317772d"},
    {file = "hypothesis-6.56.4.tar.gz", hash = "sha256:313bc1c0f377ec6c98815d3237a69add7558eadee4effe4ed613d0ba36513a52"},
]
importlib-resources = [
    {file = "importlib_resources-5.10.0-py3-none-any.whl", hash = "sha256:ee17ec648f85480d523596ce49eae8ead87d5631ae1551f913c0100b5edd3437"},
    {file = "importlib_resources-5.10.0.tar.gz", hash = "sha256:c01b1b94210d9849f286b86bb51bcea7cd56dde0600d8db721d7b81330711668"},
]
jax = [
    {file = "jax-0.3.14.tar.gz", hash = "sha256:d5f7695ce43b7345b4a095f4733dd46336945057dbfb63e0a28eafa74c41fe62"},
]
jaxlib = [
    {file = "jaxlib-0.3.14-cp310-none-macosx_10_14_x86_64.whl", hash = "sha256:7ae200d31fb8e46dc884c818c76ee9829e26e1ccedf02cd5d1a3c5113d669aa1"},
    {file = "jaxlib-0.3.14-cp310-none-macosx_11_0_arm64.whl", hash = "sha256:f47d1becc3831192a8ae672c0ffc99dd268ffd6d3e21a343cf7f204df7e87b90"},
    {file = "jaxlib-0.3.14-cp310-none-manylinux2014_x86_64.whl", hash = "sha256:90379befaff3ec86f08c5d1283b9c62c39c5145ef782052c3a716ae59e920f57"},
    {file = "jaxlib-0.3.14-cp37-none-macosx_10_14_x86_64.whl", hash = "sha256:1a730c4a617bd5faeb91d1a73b62ae04119b2734f5d50822521cc290a98f0868"},
    {file = "jaxlib-0.3.14-cp37-none-manylinux2014_x86_64.whl", hash = "sha256:7d9a380c34c2b8e917716b355b283177c68de7b070242d145cbd729f12270968"},
    {file = "jaxlib-0.3.14-cp38-none-macosx_10_14_x86_64.whl", hash = "sha256:1592d6f7f8718b52b04dfb6ef907e91de922ad3430204f11a7e00c8ab6652d8f"},
    {file = "jaxlib-0.3.14-cp38-none-macosx_11_0_arm64.whl", hash = "sha256:1d46992f2d12d5d005b49f6e918855e86520291e98363dc99c1f9dd77b8adf45"},
    {file = "jaxlib-0.3.14-cp38-none-manylinux2014_x86_64.whl", hash = "sha256:e7b3865855799cb94bf74e43b24577446da293b47403e8af144ffd5d241e87de"},
    {file = "jaxlib-0.3.14-cp39-none-macosx_10_14_x86_64.whl", hash = "sha256:8a946a35d439a8936b570a51423116fe8ab6575be79f1746455b02448d2296cb"},
    {file = "jaxlib-0.3.14-cp39-none-macosx_11_0_arm64.whl", hash = "sha256:cb123ee94d3efefe290af28ce18ee01f4eb2e6435f075ac9a311731706390575"},
    {file = "jaxlib-0.3.14-cp39-none-manylinux2014_x86_64.whl", hash = "sha256:45d7f9b089a724c41cc855ac9df75807db352146fe97037dd96538058e6ce304"},
]
more-itertools = [
    {file = "more-itertools-9.0.0.tar.gz", hash = "sha256:5a6257e40878ef0520b1803990e3e22303a41b5714006c32a3fd8304b26ea1ab"},
    {file = "more_itertools-9.0.0-py3-none-any.whl", hash = "sha256:250e83d7e81d0c87ca6bd942e6aeab8cc9daa6096d12c5308f3f92fa5e5c1f41"},
]
numpy = [
    {file = "numpy-1.23.4-cp310-cp310-macosx_10_9_x86_64.whl", hash = "sha256:95d79ada05005f6f4f337d3bb9de8a7774f259341c70bc88047a1f7b96a4bcb2"},
    {file = "numpy-1.23.4-cp310-cp310-macosx_11_0_arm64.whl", hash = "sha256:926db372bc4ac1edf81cfb6c59e2a881606b409ddc0d0920b988174b2e2a767f"},
    {file = "numpy-1.23.4-cp310-cp310-manylinux_2_17_aarch64.manylinux2014_aarch64.whl", hash = "sha256:c237129f0e732885c9a6076a537e974160482eab8f10db6292e92154d4c67d71"},
    {file = "numpy-1.23.4-cp310-cp310-manylinux_2_17_x86_64.manylinux2014_x86_64.whl", hash = "sha256:a8365b942f9c1a7d0f0dc974747d99dd0a0cdfc5949a33119caf05cb314682d3"},
    {file = "numpy-1.23.4-cp310-cp310-win32.whl", hash = "sha256:2341f4ab6dba0834b685cce16dad5f9b6606ea8a00e6da154f5dbded70fdc4dd"},
    {file = "numpy-1.23.4-cp310-cp310-win_amd64.whl", hash = "sha256:d331afac87c92373826af83d2b2b435f57b17a5c74e6268b79355b970626e329"},
    {file = "numpy-1.23.4-cp311-cp311-macosx_10_9_x86_64.whl", hash = "sha256:488a66cb667359534bc70028d653ba1cf307bae88eab5929cd707c761ff037db"},
    {file = "numpy-1.23.4-cp311-cp311-macosx_11_0_arm64.whl", hash = "sha256:ce03305dd694c4873b9429274fd41fc7eb4e0e4dea07e0af97a933b079a5814f"},
    {file = "numpy-1.23.4-cp311-cp311-manylinux_2_17_aarch64.manylinux2014_aarch64.whl", hash = "sha256:8981d9b5619569899666170c7c9748920f4a5005bf79c72c07d08c8a035757b0"},
    {file = "numpy-1.23.4-cp311-cp311-manylinux_2_17_x86_64.manylinux2014_x86_64.whl", hash = "sha256:7a70a7d3ce4c0e9284e92285cba91a4a3f5214d87ee0e95928f3614a256a1488"},
    {file = "numpy-1.23.4-cp311-cp311-win32.whl", hash = "sha256:5e13030f8793e9ee42f9c7d5777465a560eb78fa7e11b1c053427f2ccab90c79"},
    {file = "numpy-1.23.4-cp311-cp311-win_amd64.whl", hash = "sha256:7607b598217745cc40f751da38ffd03512d33ec06f3523fb0b5f82e09f6f676d"},
    {file = "numpy-1.23.4-cp38-cp38-macosx_10_9_x86_64.whl", hash = "sha256:7ab46e4e7ec63c8a5e6dbf5c1b9e1c92ba23a7ebecc86c336cb7bf3bd2fb10e5"},
    {file = "numpy-1.23.4-cp38-cp38-macosx_11_0_arm64.whl", hash = "sha256:a8aae2fb3180940011b4862b2dd3756616841c53db9734b27bb93813cd79fce6"},
    {file = "numpy-1.23.4-cp38-cp38-manylinux_2_17_aarch64.manylinux2014_aarch64.whl", hash = "sha256:8c053d7557a8f022ec823196d242464b6955a7e7e5015b719e76003f63f82d0f"},
    {file = "numpy-1.23.4-cp38-cp38-manylinux_2_17_x86_64.manylinux2014_x86_64.whl", hash = "sha256:a0882323e0ca4245eb0a3d0a74f88ce581cc33aedcfa396e415e5bba7bf05f68"},
    {file = "numpy-1.23.4-cp38-cp38-win32.whl", hash = "sha256:dada341ebb79619fe00a291185bba370c9803b1e1d7051610e01ed809ef3a4ba"},
    {file = "numpy-1.23.4-cp38-cp38-win_amd64.whl", hash = "sha256:0fe563fc8ed9dc4474cbf70742673fc4391d70f4363f917599a7fa99f042d5a8"},
    {file = "numpy-1.23.4-cp39-cp39-macosx_10_9_x86_64.whl", hash = "sha256:c67b833dbccefe97cdd3f52798d430b9d3430396af7cdb2a0c32954c3ef73894"},
    {file = "numpy-1.23.4-cp39-cp39-macosx_11_0_arm64.whl", hash = "sha256:f76025acc8e2114bb664294a07ede0727aa75d63a06d2fae96bf29a81747e4a7"},
    {file = "numpy-1.23.4-cp39-cp39-manylinux_2_17_aarch64.manylinux2014_aarch64.whl", hash = "sha256:12ac457b63ec8ded85d85c1e17d85efd3c2b0967ca39560b307a35a6703a4735"},
    {file = "numpy-1.23.4-cp39-cp39-manylinux_2_17_x86_64.manylinux2014_x86_64.whl", hash = "sha256:95de7dc7dc47a312f6feddd3da2500826defdccbc41608d0031276a24181a2c0"},
    {file = "numpy-1.23.4-cp39-cp39-win32.whl", hash = "sha256:f2f390aa4da44454db40a1f0201401f9036e8d578a25f01a6e237cea238337ef"},
    {file = "numpy-1.23.4-cp39-cp39-win_amd64.whl", hash = "sha256:f260da502d7441a45695199b4e7fd8ca87db659ba1c78f2bbf31f934fe76ae0e"},
    {file = "numpy-1.23.4-pp38-pypy38_pp73-macosx_10_9_x86_64.whl", hash = "sha256:61be02e3bf810b60ab74e81d6d0d36246dbfb644a462458bb53b595791251911"},
    {file = "numpy-1.23.4-pp38-pypy38_pp73-manylinux_2_17_x86_64.manylinux2014_x86_64.whl", hash = "sha256:296d17aed51161dbad3c67ed6d164e51fcd18dbcd5dd4f9d0a9c6055dce30810"},
    {file = "numpy-1.23.4-pp38-pypy38_pp73-win_amd64.whl", hash = "sha256:4d52914c88b4930dafb6c48ba5115a96cbab40f45740239d9f4159c4ba779962"},
    {file = "numpy-1.23.4.tar.gz", hash = "sha256:ed2cc92af0efad20198638c69bb0fc2870a58dabfba6eb722c933b48556c686c"},
]
opt-einsum = [
    {file = "opt_einsum-3.3.0-py3-none-any.whl", hash = "sha256:2455e59e3947d3c275477df7f5205b30635e266fe6dc300e3d9f9646bfcea147"},
    {file = "opt_einsum-3.3.0.tar.gz", hash = "sha256:59f6475f77bbc37dcf7cd748519c0ec60722e91e63ca114e68821c0c54a46549"},
]
packaging = [
    {file = "packaging-21.3-py3-none-any.whl", hash = "sha256:ef103e05f519cdc783ae24ea4e2e0f508a9c99b2d4969652eed6a2e1ea5bd522"},
    {file = "packaging-21.3.tar.gz", hash = "sha256:dd47c42927d89ab911e606518907cc2d3a1f38bbd026385970643f9c5b8ecfeb"},
]
pluggy = [
    {file = "pluggy-0.13.1-py2.py3-none-any.whl", hash = "sha256:966c145cd83c96502c3c3868f50408687b38434af77734af1e9ca461a4081d2d"},
    {file = "pluggy-0.13.1.tar.gz", hash = "sha256:15b2acde666561e1298d71b523007ed7364de07029219b604cf808bfa1c765b0"},
]
py = [
    {file = "py-1.11.0-py2.py3-none-any.whl", hash = "sha256:607c53218732647dff4acdfcd50cb62615cedf612e72d1724fb1a0cc6405b378"},
    {file = "py-1.11.0.tar.gz", hash = "sha256:51c75c4126074b472f746a24399ad32f6053d1b34b68d2fa41e558e6f4a98719"},
]
pyparsing = [
    {file = "pyparsing-3.0.9-py3-none-any.whl", hash = "sha256:5026bae9a10eeaefb61dab2f09052b9f4307d44aee4eda64b309723d8d206bbc"},
    {file = "pyparsing-3.0.9.tar.gz", hash = "sha256:2b020ecf7d21b687f219b71ecad3631f644a47f01403fa1d1036b0c6416d70fb"},
]
pytest = [
    {file = "pytest-5.4.3-py3-none-any.whl", hash = "sha256:5c0db86b698e8f170ba4582a492248919255fcd4c79b1ee64ace34301fb589a1"},
    {file = "pytest-5.4.3.tar.gz", hash = "sha256:7979331bfcba207414f5e1263b5a0f8f521d0f457318836a7355531ed1a4c7d8"},
]
scipy = [
    {file = "scipy-1.9.3-cp310-cp310-macosx_10_9_x86_64.whl", hash = "sha256:1884b66a54887e21addf9c16fb588720a8309a57b2e258ae1c7986d4444d3bc0"},
    {file = "scipy-1.9.3-cp310-cp310-macosx_12_0_arm64.whl", hash = "sha256:83b89e9586c62e787f5012e8475fbb12185bafb996a03257e9675cd73d3736dd"},
    {file = "scipy-1.9.3-cp310-cp310-manylinux_2_17_aarch64.manylinux2014_aarch64.whl", hash = "sha256:1a72d885fa44247f92743fc20732ae55564ff2a519e8302fb7e18717c5355a8b"},
    {file = "scipy-1.9.3-cp310-cp310-manylinux_2_17_x86_64.manylinux2014_x86_64.whl", hash = "sha256:d01e1dd7b15bd2449c8bfc6b7cc67d630700ed655654f0dfcf121600bad205c9"},
    {file = "scipy-1.9.3-cp310-cp310-win_amd64.whl", hash = "sha256:68239b6aa6f9c593da8be1509a05cb7f9efe98b80f43a5861cd24c7557e98523"},
    {file = "scipy-1.9.3-cp311-cp311-macosx_10_9_x86_64.whl", hash = "sha256:b41bc822679ad1c9a5f023bc93f6d0543129ca0f37c1ce294dd9d386f0a21096"},
    {file = "scipy-1.9.3-cp311-cp311-macosx_12_0_arm64.whl", hash = "sha256:90453d2b93ea82a9f434e4e1cba043e779ff67b92f7a0e85d05d286a3625df3c"},
    {file = "scipy-1.9.3-cp311-cp311-manylinux_2_17_aarch64.manylinux2014_aarch64.whl", hash = "sha256:83c06e62a390a9167da60bedd4575a14c1f58ca9dfde59830fc42e5197283dab"},
    {file = "scipy-1.9.3-cp311-cp311-manylinux_2_17_x86_64.manylinux2014_x86_64.whl", hash = "sha256:abaf921531b5aeaafced90157db505e10345e45038c39e5d9b6c7922d68085cb"},
    {file = "scipy-1.9.3-cp311-cp311-win_amd64.whl", hash = "sha256:06d2e1b4c491dc7d8eacea139a1b0b295f74e1a1a0f704c375028f8320d16e31"},
    {file = "scipy-1.9.3-cp38-cp38-macosx_10_9_x86_64.whl", hash = "sha256:5a04cd7d0d3eff6ea4719371cbc44df31411862b9646db617c99718ff68d4840"},
    {file = "scipy-1.9.3-cp38-cp38-macosx_12_0_arm64.whl", hash = "sha256:545c83ffb518094d8c9d83cce216c0c32f8c04aaf28b92cc8283eda0685162d5"},
    {file = "scipy-1.9.3-cp38-cp38-manylinux_2_17_aarch64.manylinux2014_aarch64.whl", hash = "sha256:0d54222d7a3ba6022fdf5773931b5d7c56efe41ede7f7128c7b1637700409108"},
    {file = "scipy-1.9.3-cp38-cp38-manylinux_2_17_x86_64.manylinux2014_x86_64.whl", hash = "sha256:cff3a5295234037e39500d35316a4c5794739433528310e117b8a9a0c76d20fc"},
    {file = "scipy-1.9.3-cp38-cp38-win_amd64.whl", hash = "sha256:2318bef588acc7a574f5bfdff9c172d0b1bf2c8143d9582e05f878e580a3781e"},
    {file = "scipy-1.9.3-cp39-cp39-macosx_10_9_x86_64.whl", hash = "sha256:d644a64e174c16cb4b2e41dfea6af722053e83d066da7343f333a54dae9bc31c"},
    {file = "scipy-1.9.3-cp39-cp39-macosx_12_0_arm64.whl", hash = "sha256:da8245491d73ed0a994ed9c2e380fd058ce2fa8a18da204681f2fe1f57f98f95"},
    {file = "scipy-1.9.3-cp39-cp39-manylinux_2_17_aarch64.manylinux2014_aarch64.whl", hash = "sha256:4db5b30849606a95dcf519763dd3ab6fe9bd91df49eba517359e450a7d80ce2e"},
    {file = "scipy-1.9.3-cp39-cp39-manylinux_2_17_x86_64.manylinux2014_x86_64.whl", hash = "sha256:c68db6b290cbd4049012990d7fe71a2abd9ffbe82c0056ebe0f01df8be5436b0"},
    {file = "scipy-1.9.3-cp39-cp39-win_amd64.whl", hash = "sha256:5b88e6d91ad9d59478fafe92a7c757d00c59e3bdc3331be8ada76a4f8d683f58"},
    {file = "scipy-1.9.3.tar.gz", hash = "sha256:fbc5c05c85c1a02be77b1ff591087c83bc44579c6d2bd9fb798bb64ea5e1a027"},
]
sortedcontainers = [
    {file = "sortedcontainers-2.4.0-py2.py3-none-any.whl", hash = "sha256:a163dcaede0f1c021485e957a39245190e74249897e2ae4b2aa38595db237ee0"},
    {file = "sortedcontainers-2.4.0.tar.gz", hash = "sha256:25caa5a06cc30b6b83d11423433f65d1f9d76c4c6a0c90e3379eaa43b9bfdb88"},
]
typing-extensions = [
    {file = "typing_extensions-4.4.0-py3-none-any.whl", hash = "sha256:16fa4864408f655d35ec496218b85f79b3437c829e93320c7c9215ccfd92489e"},
    {file = "typing_extensions-4.4.0.tar.gz", hash = "sha256:1511434bb92bf8dd198c12b1cc812e800d4181cfcb867674e0f8279cc93087aa"},
]
wcwidth = [
    {file = "wcwidth-0.2.5-py2.py3-none-any.whl", hash = "sha256:beb4802a9cebb9144e99086eff703a642a13d6a0052920003a230f3294bbe784"},
    {file = "wcwidth-0.2.5.tar.gz", hash = "sha256:c4d647b99872929fdb7bdcaa4fbe7f01413ed3d98077df798530e5b04f116c83"},
]
zipp = [
    {file = "zipp-3.10.0-py3-none-any.whl", hash = "sha256:4fcb6f278987a6605757302a6e40e896257570d11c51628968ccb2a47e80c6c1"},
    {file = "zipp-3.10.0.tar.gz", hash = "sha256:7a7262fd930bd3e36c50b9a64897aec3fafff3dfdeec9623ae22b40e93f99bb8"},
]
